
Microsoft Visual Studio Solution File, Format Version 12.00
# Visual Studio Version 17
VisualStudioVersion = 17.14.37012.4 d17.14
MinimumVisualStudioVersion = 10.0.40219.1
Project("{8BC9CEB8-8B4A-11D0-8D11-00A0C91BC942}") = "ToolManager优化版", "ToolManager优化版.vcxproj", "{A3725C2C-8B19-4DC1-9590-6744F4074E72}"
EndProject
Global
	GlobalSection(SolutionConfigurationPlatforms) = preSolution
		Debug|x64 = Debug|x64
		Debug|x86 = Debug|x86
		Release|x64 = Release|x64
		Release|x86 = Release|x86
	EndGlobalSection
	GlobalSection(ProjectConfigurationPlatforms) = postSolution
		{A3725C2C-8B19-4DC1-9590-6744F4074E72}.Debug|x64.ActiveCfg = Debug|x64
		{A3725C2C-8B19-4DC1-9590-6744F4074E72}.Debug|x64.Build.0 = Debug|x64
		{A3725C2C-8B19-4DC1-9590-6744F4074E72}.Debug|x86.ActiveCfg = Debug|Win32
		{A3725C2C-8B19-4DC1-9590-6744F4074E72}.Debug|x86.Build.0 = Debug|Win32
		{A3725C2C-8B19-4DC1-9590-6744F4074E72}.Release|x64.ActiveCfg = Release|x64
		{A3725C2C-8B19-4DC1-9590-6744F4074E72}.Release|x64.Build.0 = Release|x64
		{A3725C2C-8B19-4DC1-9590-6744F4074E72}.Release|x86.ActiveCfg = Release|Win32
		{A3725C2C-8B19-4DC1-9590-6744F4074E72}.Release|x86.Build.0 = Release|Win32
	EndGlobalSection
	GlobalSection(SolutionProperties) = preSolution
		HideSolutionNode = FALSE
	EndGlobalSection
	GlobalSection(ExtensibilityGlobals) = postSolution
		SolutionGuid = {6A92207E-85B7-4D9F-BF4B-1C5AA169BE7D}
	EndGlobalSection
EndGlobal
